<?xml version="1.0" encoding="utf-8"?>
<Project ToolsVersion="16.0" xmlns="http://schemas.microsoft.com/developer/msbuild/2003">
  <ItemGroup>
    <ClCompile Include="C:\Eigen\build_dir\source_dir\test\eigensolver_selfadjoint.cpp">
      <Filter>Source Files</Filter>
    </ClCompile>
  </ItemGroup>
  <ItemGroup>
    <CustomBuild Include="C:\Eigen\build_dir\source_dir\test\CMakeLists.txt" />
  </ItemGroup>
  <ItemGroup>
    <Filter Include="Source Files">
      <UniqueIdentifier>{C0F05CC3-85B8-37BA-901B-B68CBFB3454E}</UniqueIdentifier>
    </Filter>
  </ItemGroup>
</Project>
