<?xml version="1.0" encoding="utf-8"?>
<Project ToolsVersion="16.0" xmlns="http://schemas.microsoft.com/developer/msbuild/2003">
  <ItemGroup>
    <CustomBuild Include="C:\Eigen\build_dir\CMakeFiles\ae8d12fa0797f4708e077bbeba5c606b\doc-eigen-prerequisites.rule">
      <Filter>CMake Rules</Filter>
    </CustomBuild>
    <CustomBuild Include="C:\Eigen\build_dir\source_dir\doc\CMakeLists.txt" />
  </ItemGroup>
  <ItemGroup>
    <None Include="C:\Eigen\build_dir\doc\CMakeFiles\doc-eigen-prerequisites" />
  </ItemGroup>
  <ItemGroup>
    <Filter Include="CMake Rules">
      <UniqueIdentifier>{372F102A-41EC-364C-B920-A60791F5AB02}</UniqueIdentifier>
    </Filter>
  </ItemGroup>
</Project>
